{
  "nodes": {
    "flakeNimbleLib": {
      "inputs": {
        "nixpkgs": [
          "nixpkgs"
        ]
      },
      "locked": {
        "lastModified": 1646967037,
        "narHash": "sha256-BoEqkGzLVnFICrF15wczZJrfF1vMVngRzF5cEgFzdzU=",
        "owner": "riinr",
        "repo": "nim-flakes-lib",
        "rev": "028e7596fdb918b72a295d220d48417ab2f5dfd1",
        "type": "github"
      },
      "original": {
        "owner": "riinr",
        "ref": "master",
        "repo": "nim-flakes-lib",
        "type": "github"
      }
    },
    "nimlevenshtein": {
      "inputs": {
        "flakeNimbleLib": [
          "vscds-master",
          "flakeNimbleLib"
        ],
        "nimlevenshtein-0_1_0": "nimlevenshtein-0_1_0",
        "nimlevenshtein-master": "nimlevenshtein-master",
        "nixpkgs": [
          "vscds-master",
          "nixpkgs"
        ]
      },
      "locked": {
        "lastModified": 1647397742,
        "narHash": "sha256-LENiQg8+YaroN7kklREdhzPWqV26QBBxhGQeyoin4HE=",
        "owner": "nim-nix-pkgs",
        "repo": "nimlevenshtein",
        "rev": "4f60e3e13fd755d354fcb4e33eb16906ea67f8a6",
        "type": "github"
      },
      "original": {
        "owner": "nim-nix-pkgs",
        "ref": "master",
        "repo": "nimlevenshtein",
        "type": "github"
      }
    },
    "nimlevenshtein-0_1_0": {
      "inputs": {
        "flakeNimbleLib": [
          "vscds-master",
          "nimlevenshtein",
          "flakeNimbleLib"
        ],
        "nixpkgs": [
          "vscds-master",
          "nimlevenshtein",
          "nixpkgs"
        ],
        "src-nimlevenshtein-0_1_0": "src-nimlevenshtein-0_1_0"
      },
      "locked": {
        "dir": "0_1_0",
        "lastModified": 1647311220,
        "narHash": "sha256-2pX5dfr2grY9jNH/l/djVsWrIcH6JufVil2f2+QQGXA=",
        "owner": "nim-nix-pkgs",
        "repo": "nimlevenshtein",
        "rev": "ea8eba28cf0ee41abe86bb5426584ec8380abac6",
        "type": "github"
      },
      "original": {
        "dir": "0_1_0",
        "owner": "nim-nix-pkgs",
        "ref": "master",
        "repo": "nimlevenshtein",
        "type": "github"
      }
    },
    "nimlevenshtein-master": {
      "inputs": {
        "flakeNimbleLib": [
          "vscds-master",
          "nimlevenshtein",
          "flakeNimbleLib"
        ],
        "nixpkgs": [
          "vscds-master",
          "nimlevenshtein",
          "nixpkgs"
        ],
        "src-nimlevenshtein-master": "src-nimlevenshtein-master"
      },
      "locked": {
        "dir": "master",
        "lastModified": 1647311220,
        "narHash": "sha256-2pX5dfr2grY9jNH/l/djVsWrIcH6JufVil2f2+QQGXA=",
        "owner": "nim-nix-pkgs",
        "repo": "nimlevenshtein",
        "rev": "ea8eba28cf0ee41abe86bb5426584ec8380abac6",
        "type": "github"
      },
      "original": {
        "dir": "master",
        "owner": "nim-nix-pkgs",
        "ref": "master",
        "repo": "nimlevenshtein",
        "type": "github"
      }
    },
    "nixpkgs": {
      "locked": {
        "narHash": "sha256-+8mazL4KLh6VltXYJc5+QFA5Q1i+Uh/TadRl9/+qcx8=",
        "path": "/nix/store/gddrvlqs5qf1bp3kc80gp3qg5vm8kj76-source",
        "type": "path"
      },
      "original": {
        "id": "nixpkgs",
        "type": "indirect"
      }
    },
    "root": {
      "inputs": {
        "flakeNimbleLib": "flakeNimbleLib",
        "nixpkgs": "nixpkgs",
        "vscds-master": "vscds-master"
      }
    },
    "src-nimlevenshtein-0_1_0": {
      "flake": false,
      "locked": {
        "lastModified": 1570476224,
        "narHash": "sha256-Vrnn/mb5IezyCQpx9X7nMFPR1gld/gFEOIP2f7BgCMk=",
        "owner": "oswjk",
        "repo": "nimlevenshtein",
        "rev": "6f062eeca4609039a0bdf0e8d2ebb44280872af3",
        "type": "github"
      },
      "original": {
        "owner": "oswjk",
        "ref": "refs/tags/0.1.0",
        "repo": "nimlevenshtein",
        "type": "github"
      }
    },
    "src-nimlevenshtein-master": {
      "flake": false,
      "locked": {
        "lastModified": 1570476224,
        "narHash": "sha256-Vrnn/mb5IezyCQpx9X7nMFPR1gld/gFEOIP2f7BgCMk=",
        "owner": "oswjk",
        "repo": "nimlevenshtein",
        "rev": "6f062eeca4609039a0bdf0e8d2ebb44280872af3",
        "type": "github"
      },
      "original": {
        "owner": "oswjk",
        "ref": "refs/heads/master",
        "repo": "nimlevenshtein",
        "type": "github"
      }
    },
    "src-vscds-master": {
      "flake": false,
      "locked": {
        "lastModified": 1598652860,
        "narHash": "sha256-LAU8X9SCyQpCLzHci0RclC+fa/bKzKoe89aCP6KiXIs=",
        "owner": "doongjohn",
        "repo": "vscds",
        "rev": "58c99dbeee1f4a98ac0de7f9708c77d643e8bbbd",
        "type": "github"
      },
      "original": {
        "owner": "doongjohn",
        "ref": "refs/heads/master",
        "repo": "vscds",
        "type": "github"
      }
    },
    "vscds-master": {
      "inputs": {
        "flakeNimbleLib": [
          "flakeNimbleLib"
        ],
        "nimlevenshtein": "nimlevenshtein",
        "nixpkgs": [
          "nixpkgs"
        ],
        "src-vscds-master": "src-vscds-master"
      },
      "locked": {
        "dir": "master",
        "lastModified": 1647311989,
        "narHash": "sha256-49x00bH2W8xGhlEcgisII0W/eKdXNfja7uZyuqa0o1s=",
        "owner": "nim-nix-pkgs",
        "repo": "vscds",
        "rev": "5d62c267d29d34d63e63ddf1daaa6f8d184fdf30",
        "type": "github"
      },
      "original": {
        "dir": "master",
        "owner": "nim-nix-pkgs",
        "ref": "master",
        "repo": "vscds",
        "type": "github"
      }
    }
  },
  "root": "root",
  "version": 7
}
